
Microsoft Visual Studio Solution File, Format Version 12.00
# Visual Studio Version 16
VisualStudioVersion = 16.0.31019.35
MinimumVisualStudioVersion = 10.0.40219.1
Project("{FAE04EC0-301F-11D3-BF4B-00C04F79EFBC}") = "WebApi", "10GAG\WebApi.csproj", "{22D6DF77-5106-4A5E-BDEB-E00E93359683}"
EndProject
Global
	GlobalSection(SolutionConfigurationPlatforms) = preSolution
		Debug|Any CPU = Debug|Any CPU
		Release|Any CPU = Release|Any CPU
	EndGlobalSection
	GlobalSection(ProjectConfigurationPlatforms) = postSolution
		{22D6DF77-5106-4A5E-BDEB-E00E93359683}.Debug|Any CPU.ActiveCfg = Debug|Any CPU
		{22D6DF77-5106-4A5E-BDEB-E00E93359683}.Debug|Any CPU.Build.0 = Debug|Any CPU
		{22D6DF77-5106-4A5E-BDEB-E00E93359683}.Release|Any CPU.ActiveCfg = Release|Any CPU
		{22D6DF77-5106-4A5E-BDEB-E00E93359683}.Release|Any CPU.Build.0 = Release|Any CPU
	EndGlobalSection
	GlobalSection(SolutionProperties) = preSolution
		HideSolutionNode = FALSE
	EndGlobalSection
	GlobalSection(ExtensibilityGlobals) = postSolution
		SolutionGuid = {44F36625-E225-4ED2-A103-22AF193050B9}
	EndGlobalSection
EndGlobal
